// !$*UTF8*$!
{
	archiveVersion = 1;
	classes = {
	};
	objectVersion = 50;
	objects = {

/* Begin PBXBuildFile section */
		602E5BB122FED96B00648B80 /* AppDelegate.swift in Sources */ = {isa = PBXBuildFile; fileRef = 602E5BB022FED96B00648B80 /* AppDelegate.swift */; };
		602E5BB322FED96B00648B80 /* ViewController.swift in Sources */ = {isa = PBXBuildFile; fileRef = 602E5BB222FED96B00648B80 /* ViewController.swift */; };
		602E5BB622FED96B00648B80 /* Main.storyboard in Resources */ = {isa = PBXBuildFile; fileRef = 602E5BB422FED96B00648B80 /* Main.storyboard */; };
		602E5BB922FED96B00648B80 /* Bharat_FM_Radio.xcdatamodeld in Sources */ = {isa = PBXBuildFile; fileRef = 602E5BB722FED96B00648B80 /* Bharat_FM_Radio.xcdatamodeld */; };
		602E5BBB22FED97400648B80 /* Assets.xcassets in Resources */ = {isa = PBXBuildFile; fileRef = 602E5BBA22FED97400648B80 /* Assets.xcassets */; };
		602E5BBE22FED97400648B80 /* LaunchScreen.storyboard in Resources */ = {isa = PBXBuildFile; fileRef = 602E5BBC22FED97400648B80 /* LaunchScreen.storyboard */; };
		609F859323007BDA00E1B46D /* music_p5.gif in Resources */ = {isa = PBXBuildFile; fileRef = 609F859223007BDA00E1B46D /* music_p5.gif */; };
		60AF322622FEF213000DB452 /* PlayerViewController.swift in Sources */ = {isa = PBXBuildFile; fileRef = 60AF322522FEF213000DB452 /* PlayerViewController.swift */; };
		60AF322822FF28BF000DB452 /* Reachability.swift in Sources */ = {isa = PBXBuildFile; fileRef = 60AF322722FF28BE000DB452 /* Reachability.swift */; };
		60AF322A22FF4CE1000DB452 /* audio_animation_circle.gif in Resources */ = {isa = PBXBuildFile; fileRef = 60AF322922FF4CE1000DB452 /* audio_animation_circle.gif */; };
		60AF322C22FF4D4E000DB452 /* iOSDevCenters+GIF.swift in Sources */ = {isa = PBXBuildFile; fileRef = 60AF322B22FF4D4E000DB452 /* iOSDevCenters+GIF.swift */; };
		6A4E4576F284C3B5EC216BEC /* Pods_Bharat_FM_Radio.framework in Frameworks */ = {isa = PBXBuildFile; fileRef = CADAC574BA0E6C159E147417 /* Pods_Bharat_FM_Radio.framework */; };
/* End PBXBuildFile section */

/* Begin PBXFileReference section */
		241C1CFF18C0EE9A182446A2 /* Pods-Bharat FM Radio.release.xcconfig */ = {isa = PBXFileReference; includeInIndex = 1; lastKnownFileType = text.xcconfig; name = "Pods-Bharat FM Radio.release.xcconfig"; path = "Target Support Files/Pods-Bharat FM Radio/Pods-Bharat FM Radio.release.xcconfig"; sourceTree = "<group>"; };
		602E5BAD22FED96B00648B80 /* Bharat FM Radio.app */ = {isa = PBXFileReference; explicitFileType = wrapper.application; includeInIndex = 0; path = "Bharat FM Radio.app"; sourceTree = BUILT_PRODUCTS_DIR; };
		602E5BB022FED96B00648B80 /* AppDelegate.swift */ = {isa = PBXFileReference; lastKnownFileType = sourcecode.swift; path = AppDelegate.swift; sourceTree = "<group>"; };
		602E5BB222FED96B00648B80 /* ViewController.swift */ = {isa = PBXFileReference; lastKnownFileType = sourcecode.swift; path = ViewController.swift; sourceTree = "<group>"; };
		602E5BB522FED96B00648B80 /* Base */ = {isa = PBXFileReference; lastKnownFileType = file.storyboard; name = Base; path = Base.lproj/Main.storyboard; sourceTree = "<group>"; };
		602E5BB822FED96B00648B80 /* Bharat_FM_Radio.xcdatamodel */ = {isa = PBXFileReference; lastKnownFileType = wrapper.xcdatamodel; path = Bharat_FM_Radio.xcdatamodel; sourceTree = "<group>"; };
		602E5BBA22FED97400648B80 /* Assets.xcassets */ = {isa = PBXFileReference; lastKnownFileType = folder.assetcatalog; path = Assets.xcassets; sourceTree = "<group>"; };
		602E5BBD22FED97400648B80 /* Base */ = {isa = PBXFileReference; lastKnownFileType = file.storyboard; name = Base; path = Base.lproj/LaunchScreen.storyboard; sourceTree = "<group>"; };
		602E5BBF22FED97400648B80 /* Info.plist */ = {isa = PBXFileReference; lastKnownFileType = text.plist.xml; path = Info.plist; sourceTree = "<group>"; };
		609F859223007BDA00E1B46D /* music_p5.gif */ = {isa = PBXFileReference; lastKnownFileType = image.gif; path = music_p5.gif; sourceTree = "<group>"; };
		60AF322522FEF213000DB452 /* PlayerViewController.swift */ = {isa = PBXFileReference; lastKnownFileType = sourcecode.swift; path = PlayerViewController.swift; sourceTree = "<group>"; };
		60AF322722FF28BE000DB452 /* Reachability.swift */ = {isa = PBXFileReference; fileEncoding = 4; lastKnownFileType = sourcecode.swift; path = Reachability.swift; sourceTree = "<group>"; };
		60AF322922FF4CE1000DB452 /* audio_animation_circle.gif */ = {isa = PBXFileReference; lastKnownFileType = image.gif; path = audio_animation_circle.gif; sourceTree = "<group>"; };
		60AF322B22FF4D4E000DB452 /* iOSDevCenters+GIF.swift */ = {isa = PBXFileReference; lastKnownFileType = sourcecode.swift; path = "iOSDevCenters+GIF.swift"; sourceTree = "<group>"; };
		CADAC574BA0E6C159E147417 /* Pods_Bharat_FM_Radio.framework */ = {isa = PBXFileReference; explicitFileType = wrapper.framework; includeInIndex = 0; path = Pods_Bharat_FM_Radio.framework; sourceTree = BUILT_PRODUCTS_DIR; };
		E93E902B4B801A11690B5B44 /* Pods-Bharat FM Radio.debug.xcconfig */ = {isa = PBXFileReference; includeInIndex = 1; lastKnownFileType = text.xcconfig; name = "Pods-Bharat FM Radio.debug.xcconfig"; path = "Target Support Files/Pods-Bharat FM Radio/Pods-Bharat FM Radio.debug.xcconfig"; sourceTree = "<group>"; };
/* End PBXFileReference section */

/* Begin PBXFrameworksBuildPhase section */
		602E5BAA22FED96B00648B80 /* Frameworks */ = {
			isa = PBXFrameworksBuildPhase;
			buildActionMask = 2147483647;
			files = (
				6A4E4576F284C3B5EC216BEC /* Pods_Bharat_FM_Radio.framework in Frameworks */,
			);
			runOnlyForDeploymentPostprocessing = 0;
		};
/* End PBXFrameworksBuildPhase section */

/* Begin PBXGroup section */
		602E5BA422FED96B00648B80 = {
			isa = PBXGroup;
			children = (
				602E5BAF22FED96B00648B80 /* Bharat FM Radio */,
				602E5BAE22FED96B00648B80 /* Products */,
				B584E9A2A450DFC3AB17E313 /* Pods */,
				F3B58819266F34D83CC8AAD6 /* Frameworks */,
			);
			sourceTree = "<group>";
		};
		602E5BAE22FED96B00648B80 /* Products */ = {
			isa = PBXGroup;
			children = (
				602E5BAD22FED96B00648B80 /* Bharat FM Radio.app */,
			);
			name = Products;
			sourceTree = "<group>";
		};
		602E5BAF22FED96B00648B80 /* Bharat FM Radio */ = {
			isa = PBXGroup;
			children = (
				602E5BB022FED96B00648B80 /* AppDelegate.swift */,
				602E5BB222FED96B00648B80 /* ViewController.swift */,
				60AF322522FEF213000DB452 /* PlayerViewController.swift */,
				60AF322722FF28BE000DB452 /* Reachability.swift */,
				60AF322B22FF4D4E000DB452 /* iOSDevCenters+GIF.swift */,
				609F859223007BDA00E1B46D /* music_p5.gif */,
				60AF322922FF4CE1000DB452 /* audio_animation_circle.gif */,
				602E5BB422FED96B00648B80 /* Main.storyboard */,
				602E5BBA22FED97400648B80 /* Assets.xcassets */,
				602E5BBC22FED97400648B80 /* LaunchScreen.storyboard */,
				602E5BBF22FED97400648B80 /* Info.plist */,
				602E5BB722FED96B00648B80 /* Bharat_FM_Radio.xcdatamodeld */,
			);
			path = "Bharat FM Radio";
			sourceTree = "<group>";
		};
		B584E9A2A450DFC3AB17E313 /* Pods */ = {
			isa = PBXGroup;
			children = (
				E93E902B4B801A11690B5B44 /* Pods-Bharat FM Radio.debug.xcconfig */,
				241C1CFF18C0EE9A182446A2 /* Pods-Bharat FM Radio.release.xcconfig */,
			);
			path = Pods;
			sourceTree = "<group>";
		};
		F3B58819266F34D83CC8AAD6 /* Frameworks */ = {
			isa = PBXGroup;
			children = (
				CADAC574BA0E6C159E147417 /* Pods_Bharat_FM_Radio.framework */,
			);
			name = Frameworks;
			sourceTree = "<group>";
		};
/* End PBXGroup section */

/* Begin PBXNativeTarget section */
		602E5BAC22FED96B00648B80 /* Bharat FM Radio */ = {
			isa = PBXNativeTarget;
			buildConfigurationList = 602E5BC222FED97400648B80 /* Build configuration list for PBXNativeTarget "Bharat FM Radio" */;
			buildPhases = (
				48F1CDD91BAA0131CF5BC78C /* [CP] Check Pods Manifest.lock */,
				602E5BA922FED96B00648B80 /* Sources */,
				602E5BAA22FED96B00648B80 /* Frameworks */,
				602E5BAB22FED96B00648B80 /* Resources */,
			);
			buildRules = (
			);
			dependencies = (
			);
			name = "Bharat FM Radio";
			productName = "Bharat FM Radio";
			productReference = 602E5BAD22FED96B00648B80 /* Bharat FM Radio.app */;
			productType = "com.apple.product-type.application";
		};
/* End PBXNativeTarget section */

/* Begin PBXProject section */
		602E5BA522FED96B00648B80 /* Project object */ = {
			isa = PBXProject;
			attributes = {
				LastSwiftUpdateCheck = 1020;
				LastUpgradeCheck = 1020;
				ORGANIZATIONNAME = "RDC Innovations Pvt Ltd";
				TargetAttributes = {
					602E5BAC22FED96B00648B80 = {
						CreatedOnToolsVersion = 10.2;
						SystemCapabilities = {
							com.apple.BackgroundModes = {
								enabled = 1;
							};
						};
					};
				};
			};
			buildConfigurationList = 602E5BA822FED96B00648B80 /* Build configuration list for PBXProject "Bharat FM Radio" */;
			compatibilityVersion = "Xcode 9.3";
			developmentRegion = en;
			hasScannedForEncodings = 0;
			knownRegions = (
				en,
				Base,
			);
			mainGroup = 602E5BA422FED96B00648B80;
			productRefGroup = 602E5BAE22FED96B00648B80 /* Products */;
			projectDirPath = "";
			projectRoot = "";
			targets = (
				602E5BAC22FED96B00648B80 /* Bharat FM Radio */,
			);
		};
/* End PBXProject section */

/* Begin PBXResourcesBuildPhase section */
		602E5BAB22FED96B00648B80 /* Resources */ = {
			isa = PBXResourcesBuildPhase;
			buildActionMask = 2147483647;
			files = (
				609F859323007BDA00E1B46D /* music_p5.gif in Resources */,
				60AF322A22FF4CE1000DB452 /* audio_animation_circle.gif in Resources */,
				602E5BBE22FED97400648B80 /* LaunchScreen.storyboard in Resources */,
				602E5BBB22FED97400648B80 /* Assets.xcassets in Resources */,
				602E5BB622FED96B00648B80 /* Main.storyboard in Resources */,
			);
			runOnlyForDeploymentPostprocessing = 0;
		};
/* End PBXResourcesBuildPhase section */

/* Begin PBXShellScriptBuildPhase section */
		48F1CDD91BAA0131CF5BC78C /* [CP] Check Pods Manifest.lock */ = {
			isa = PBXShellScriptBuildPhase;
			buildActionMask = 2147483647;
			files = (
			);
			inputFileListPaths = (
			);
			inputPaths = (
				"${PODS_PODFILE_DIR_PATH}/Podfile.lock",
				"${PODS_ROOT}/Manifest.lock",
			);
			name = "[CP] Check Pods Manifest.lock";
			outputFileListPaths = (
			);
			outputPaths = (
				"$(DERIVED_FILE_DIR)/Pods-Bharat FM Radio-checkManifestLockResult.txt",
			);
			runOnlyForDeploymentPostprocessing = 0;
			shellPath = /bin/sh;
			shellScript = "diff \"${PODS_PODFILE_DIR_PATH}/Podfile.lock\" \"${PODS_ROOT}/Manifest.lock\" > /dev/null\nif [ $? != 0 ] ; then\n    # print error to STDERR\n    echo \"error: The sandbox is not in sync with the Podfile.lock. Run 'pod install' or update your CocoaPods installation.\" >&2\n    exit 1\nfi\n# This output is used by Xcode 'outputs' to avoid re-running this script phase.\necho \"SUCCESS\" > \"${SCRIPT_OUTPUT_FILE_0}\"\n";
			showEnvVarsInLog = 0;
		};
/* End PBXShellScriptBuildPhase section */

/* Begin PBXSourcesBuildPhase section */
		602E5BA922FED96B00648B80 /* Sources */ = {
			isa = PBXSourcesBuildPhase;
			buildActionMask = 2147483647;
			files = (
				602E5BB922FED96B00648B80 /* Bharat_FM_Radio.xcdatamodeld in Sources */,
				60AF322C22FF4D4E000DB452 /* iOSDevCenters+GIF.swift in Sources */,
				60AF322622FEF213000DB452 /* PlayerViewController.swift in Sources */,
				602E5BB322FED96B00648B80 /* ViewController.swift in Sources */,
				60AF322822FF28BF000DB452 /* Reachability.swift in Sources */,
				602E5BB122FED96B00648B80 /* AppDelegate.swift in Sources */,
			);
			runOnlyForDeploymentPostprocessing = 0;
		};
/* End PBXSourcesBuildPhase section */

/* Begin PBXVariantGroup section */
		602E5BB422FED96B00648B80 /* Main.storyboard */ = {
			isa = PBXVariantGroup;
			children = (
				602E5BB522FED96B00648B80 /* Base */,
			);
			name = Main.storyboard;
			sourceTree = "<group>";
		};
		602E5BBC22FED97400648B80 /* LaunchScreen.storyboard */ = {
			isa = PBXVariantGroup;
			children = (
				602E5BBD22FED97400648B80 /* Base */,
			);
			name = LaunchScreen.storyboard;
			sourceTree = "<group>";
		};
/* End PBXVariantGroup section */

/* Begin XCBuildConfiguration section */
		602E5BC022FED97400648B80 /* Debug */ = {
			isa = XCBuildConfiguration;
			buildSettings = {
				ALWAYS_SEARCH_USER_PATHS = NO;
				CLANG_ANALYZER_NONNULL = YES;
				CLANG_ANALYZER_NUMBER_OBJECT_CONVERSION = YES_AGGRESSIVE;
				CLANG_CXX_LANGUAGE_STANDARD = "gnu++14";
				CLANG_CXX_LIBRARY = "libc++";
				CLANG_ENABLE_MODULES = YES;
				CLANG_ENABLE_OBJC_ARC = YES;
				CLANG_ENABLE_OBJC_WEAK = YES;
				CLANG_WARN_BLOCK_CAPTURE_AUTORELEASING = YES;
				CLANG_WARN_BOOL_CONVERSION = YES;
				CLANG_WARN_COMMA = YES;
				CLANG_WARN_CONSTANT_CONVERSION = YES;
				CLANG_WARN_DEPRECATED_OBJC_IMPLEMENTATIONS = YES;
				CLANG_WARN_DIRECT_OBJC_ISA_USAGE = YES_ERROR;
				CLANG_WARN_DOCUMENTATION_COMMENTS = YES;
				CLANG_WARN_EMPTY_BODY = YES;
				CLANG_WARN_ENUM_CONVERSION = YES;
				CLANG_WARN_INFINITE_RECURSION = YES;
				CLANG_WARN_INT_CONVERSION = YES;
				CLANG_WARN_NON_LITERAL_NULL_CONVERSION = YES;
				CLANG_WARN_OBJC_IMPLICIT_RETAIN_SELF = YES;
				CLANG_WARN_OBJC_LITERAL_CONVERSION = YES;
				CLANG_WARN_OBJC_ROOT_CLASS = YES_ERROR;
				CLANG_WARN_RANGE_LOOP_ANALYSIS = YES;
				CLANG_WARN_STRICT_PROTOTYPES = YES;
				CLANG_WARN_SUSPICIOUS_MOVE = YES;
				CLANG_WARN_UNGUARDED_AVAILABILITY = YES_AGGRESSIVE;
				CLANG_WARN_UNREACHABLE_CODE = YES;
				CLANG_WARN__DUPLICATE_METHOD_MATCH = YES;
				CODE_SIGN_IDENTITY = "iPhone Developer";
				COPY_PHASE_STRIP = NO;
				DEBUG_INFORMATION_FORMAT = dwarf;
				ENABLE_STRICT_OBJC_MSGSEND = YES;
				ENABLE_TESTABILITY = YES;
				GCC_C_LANGUAGE_STANDARD = gnu11;
				GCC_DYNAMIC_NO_PIC = NO;
				GCC_NO_COMMON_BLOCKS = YES;
				GCC_OPTIMIZATION_LEVEL = 0;
				GCC_PREPROCESSOR_DEFINITIONS = (
					"DEBUG=1",
					"$(inherited)",
				);
				GCC_WARN_64_TO_32_BIT_CONVERSION = YES;
				GCC_WARN_ABOUT_RETURN_TYPE = YES_ERROR;
				GCC_WARN_UNDECLARED_SELECTOR = YES;
				GCC_WARN_UNINITIALIZED_AUTOS = YES_AGGRESSIVE;
				GCC_WARN_UNUSED_FUNCTION = YES;
				GCC_WARN_UNUSED_VARIABLE = YES;
				IPHONEOS_DEPLOYMENT_TARGET = 12.2;
				MTL_ENABLE_DEBUG_INFO = INCLUDE_SOURCE;
				MTL_FAST_MATH = YES;
				ONLY_ACTIVE_ARCH = YES;
				SDKROOT = iphoneos;
				SWIFT_ACTIVE_COMPILATION_CONDITIONS = DEBUG;
				SWIFT_OPTIMIZATION_LEVEL = "-Onone";
			};
			name = Debug;
		};
		602E5BC122FED97400648B80 /* Release */ = {
			isa = XCBuildConfiguration;
			buildSettings = {
				ALWAYS_SEARCH_USER_PATHS = NO;
				CLANG_ANALYZER_NONNULL = YES;
				CLANG_ANALYZER_NUMBER_OBJECT_CONVERSION = YES_AGGRESSIVE;
				CLANG_CXX_LANGUAGE_STANDARD = "gnu++14";
				CLANG_CXX_LIBRARY = "libc++";
				CLANG_ENABLE_MODULES = YES;
				CLANG_ENABLE_OBJC_ARC = YES;
				CLANG_ENABLE_OBJC_WEAK = YES;
				CLANG_WARN_BLOCK_CAPTURE_AUTORELEASING = YES;
				CLANG_WARN_BOOL_CONVERSION = YES;
				CLANG_WARN_COMMA = YES;
				CLANG_WARN_CONSTANT_CONVERSION = YES;
				CLANG_WARN_DEPRECATED_OBJC_IMPLEMENTATIONS = YES;
				CLANG_WARN_DIRECT_OBJC_ISA_USAGE = YES_ERROR;
				CLANG_WARN_DOCUMENTATION_COMMENTS = YES;
				CLANG_WARN_EMPTY_BODY = YES;
				CLANG_WARN_ENUM_CONVERSION = YES;
				CLANG_WARN_INFINITE_RECURSION = YES;
				CLANG_WARN_INT_CONVERSION = YES;
				CLANG_WARN_NON_LITERAL_NULL_CONVERSION = YES;
				CLANG_WARN_OBJC_IMPLICIT_RETAIN_SELF = YES;
				CLANG_WARN_OBJC_LITERAL_CONVERSION = YES;
				CLANG_WARN_OBJC_ROOT_CLASS = YES_ERROR;
				CLANG_WARN_RANGE_LOOP_ANALYSIS = YES;
				CLANG_WARN_STRICT_PROTOTYPES = YES;
				CLANG_WARN_SUSPICIOUS_MOVE = YES;
				CLANG_WARN_UNGUARDED_AVAILABILITY = YES_AGGRESSIVE;
				CLANG_WARN_UNREACHABLE_CODE = YES;
				CLANG_WARN__DUPLICATE_METHOD_MATCH = YES;
				CODE_SIGN_IDENTITY = "iPhone Developer";
				COPY_PHASE_STRIP = NO;
				DEBUG_INFORMATION_FORMAT = "dwarf-with-dsym";
				ENABLE_NS_ASSERTIONS = NO;
				ENABLE_STRICT_OBJC_MSGSEND = YES;
				GCC_C_LANGUAGE_STANDARD = gnu11;
				GCC_NO_COMMON_BLOCKS = YES;
				GCC_WARN_64_TO_32_BIT_CONVERSION = YES;
				GCC_WARN_ABOUT_RETURN_TYPE = YES_ERROR;
				GCC_WARN_UNDECLARED_SELECTOR = YES;
				GCC_WARN_UNINITIALIZED_AUTOS = YES_AGGRESSIVE;
				GCC_WARN_UNUSED_FUNCTION = YES;
				GCC_WARN_UNUSED_VARIABLE = YES;
				IPHONEOS_DEPLOYMENT_TARGET = 12.2;
				MTL_ENABLE_DEBUG_INFO = NO;
				MTL_FAST_MATH = YES;
				SDKROOT = iphoneos;
				SWIFT_COMPILATION_MODE = wholemodule;
				SWIFT_OPTIMIZATION_LEVEL = "-O";
				VALIDATE_PRODUCT = YES;
			};
			name = Release;
		};
		602E5BC322FED97400648B80 /* Debug */ = {
			isa = XCBuildConfiguration;
			baseConfigurationReference = E93E902B4B801A11690B5B44 /* Pods-Bharat FM Radio.debug.xcconfig */;
			buildSettings = {
				ASSETCATALOG_COMPILER_APPICON_NAME = AppIcon;
				CODE_SIGN_STYLE = Automatic;
				DEVELOPMENT_TEAM = G87CHFM45D;
				INFOPLIST_FILE = "Bharat FM Radio/Info.plist";
				LD_RUNPATH_SEARCH_PATHS = (
					"$(inherited)",
					"@executable_path/Frameworks",
				);
				PRODUCT_BUNDLE_IDENTIFIER = com.rdc.TeePee;
				PRODUCT_NAME = "$(TARGET_NAME)";
				SWIFT_VERSION = 5.0;
				TARGETED_DEVICE_FAMILY = "1,2";
			};
			name = Debug;
		};
		602E5BC422FED97400648B80 /* Release */ = {
			isa = XCBuildConfiguration;
			baseConfigurationReference = 241C1CFF18C0EE9A182446A2 /* Pods-Bharat FM Radio.release.xcconfig */;
			buildSettings = {
				ASSETCATALOG_COMPILER_APPICON_NAME = AppIcon;
				CODE_SIGN_STYLE = Automatic;
				DEVELOPMENT_TEAM = G87CHFM45D;
				INFOPLIST_FILE = "Bharat FM Radio/Info.plist";
				LD_RUNPATH_SEARCH_PATHS = (
					"$(inherited)",
					"@executable_path/Frameworks",
				);
				PRODUCT_BUNDLE_IDENTIFIER = com.rdc.TeePee;
				PRODUCT_NAME = "$(TARGET_NAME)";
				SWIFT_VERSION = 5.0;
				TARGETED_DEVICE_FAMILY = "1,2";
			};
			name = Release;
		};
/* End XCBuildConfiguration section */

/* Begin XCConfigurationList section */
		602E5BA822FED96B00648B80 /* Build configuration list for PBXProject "Bharat FM Radio" */ = {
			isa = XCConfigurationList;
			buildConfigurations = (
				602E5BC022FED97400648B80 /* Debug */,
				602E5BC122FED97400648B80 /* Release */,
			);
			defaultConfigurationIsVisible = 0;
			defaultConfigurationName = Release;
		};
		602E5BC222FED97400648B80 /* Build configuration list for PBXNativeTarget "Bharat FM Radio" */ = {
			isa = XCConfigurationList;
			buildConfigurations = (
				602E5BC322FED97400648B80 /* Debug */,
				602E5BC422FED97400648B80 /* Release */,
			);
			defaultConfigurationIsVisible = 0;
			defaultConfigurationName = Release;
		};
/* End XCConfigurationList section */

/* Begin XCVersionGroup section */
		602E5BB722FED96B00648B80 /* Bharat_FM_Radio.xcdatamodeld */ = {
			isa = XCVersionGroup;
			children = (
				602E5BB822FED96B00648B80 /* Bharat_FM_Radio.xcdatamodel */,
			);
			currentVersion = 602E5BB822FED96B00648B80 /* Bharat_FM_Radio.xcdatamodel */;
			path = Bharat_FM_Radio.xcdatamodeld;
			sourceTree = "<group>";
			versionGroupType = wrapper.xcdatamodel;
		};
/* End XCVersionGroup section */
	};
	rootObject = 602E5BA522FED96B00648B80 /* Project object */;
}
